
Microsoft Visual Studio Solution File, Format Version 12.00
# Visual Studio Version 17
VisualStudioVersion = 17.13.35919.96 d17.13
MinimumVisualStudioVersion = 10.0.40219.1
Project("{FAE04EC0-301F-11D3-BF4B-00C04F79EFBC}") = "MauiAppGestaoImoveis", "MauiAppGestaoImoveis\MauiAppGestaoImoveis.csproj", "{385D5469-E627-4993-B65A-F8A3C6AD8908}"
EndProject
Global
	GlobalSection(SolutionConfigurationPlatforms) = preSolution
		Debug|Any CPU = Debug|Any CPU
		Release|Any CPU = Release|Any CPU
	EndGlobalSection
	GlobalSection(ProjectConfigurationPlatforms) = postSolution
		{385D5469-E627-4993-B65A-F8A3C6AD8908}.Debug|Any CPU.ActiveCfg = Debug|Any CPU
		{385D5469-E627-4993-B65A-F8A3C6AD8908}.Debug|Any CPU.Build.0 = Debug|Any CPU
		{385D5469-E627-4993-B65A-F8A3C6AD8908}.Debug|Any CPU.Deploy.0 = Debug|Any CPU
		{385D5469-E627-4993-B65A-F8A3C6AD8908}.Release|Any CPU.ActiveCfg = Release|Any CPU
		{385D5469-E627-4993-B65A-F8A3C6AD8908}.Release|Any CPU.Build.0 = Release|Any CPU
		{385D5469-E627-4993-B65A-F8A3C6AD8908}.Release|Any CPU.Deploy.0 = Release|Any CPU
	EndGlobalSection
	GlobalSection(SolutionProperties) = preSolution
		HideSolutionNode = FALSE
	EndGlobalSection
	GlobalSection(ExtensibilityGlobals) = postSolution
		SolutionGuid = {D63E3547-35F6-427E-B042-D6EAD876F2DD}
	EndGlobalSection
EndGlobal
